
Microsoft Visual Studio Solution File, Format Version 12.00
# Visual Studio 15
VisualStudioVersion = 15.0.28307.168
MinimumVisualStudioVersion = 10.0.40219.1
Project("{8BC9CEB8-8B4A-11D0-8D11-00A0C91BC942}") = "MultiSizedTicTacToe", "MultiSizedTicTacToe\MultiSizedTicTacToe.vcxproj", "{80A0C512-98D4-450C-8A74-8F6D5DF54D88}"
EndProject
Global
	GlobalSection(SolutionConfigurationPlatforms) = preSolution
		Debug|x64 = Debug|x64
		Debug|x86 = Debug|x86
		Release|x64 = Release|x64
		Release|x86 = Release|x86
	EndGlobalSection
	GlobalSection(ProjectConfigurationPlatforms) = postSolution
		{80A0C512-98D4-450C-8A74-8F6D5DF54D88}.Debug|x64.ActiveCfg = Debug|x64
		{80A0C512-98D4-450C-8A74-8F6D5DF54D88}.Debug|x64.Build.0 = Debug|x64
		{80A0C512-98D4-450C-8A74-8F6D5DF54D88}.Debug|x86.ActiveCfg = Debug|Win32
		{80A0C512-98D4-450C-8A74-8F6D5DF54D88}.Debug|x86.Build.0 = Debug|Win32
		{80A0C512-98D4-450C-8A74-8F6D5DF54D88}.Release|x64.ActiveCfg = Release|x64
		{80A0C512-98D4-450C-8A74-8F6D5DF54D88}.Release|x64.Build.0 = Release|x64
		{80A0C512-98D4-450C-8A74-8F6D5DF54D88}.Release|x86.ActiveCfg = Release|Win32
		{80A0C512-98D4-450C-8A74-8F6D5DF54D88}.Release|x86.Build.0 = Release|Win32
	EndGlobalSection
	GlobalSection(SolutionProperties) = preSolution
		HideSolutionNode = FALSE
	EndGlobalSection
	GlobalSection(ExtensibilityGlobals) = postSolution
		SolutionGuid = {1D767418-029D-4265-BCF6-0645527A4681}
	EndGlobalSection
EndGlobal
